
Microsoft Visual Studio Solution File, Format Version 12.00
# Visual Studio Version 16
VisualStudioVersion = 16.0.31424.327
MinimumVisualStudioVersion = 10.0.40219.1
Project("{FAE04EC0-301F-11D3-BF4B-00C04F79EFBC}") = "Vehicles.Common", "Vehicles.Common\Vehicles.Common.csproj", "{BAB4F95A-30E2-44E7-B9BA-5E167B2762E9}"
EndProject
Project("{FAE04EC0-301F-11D3-BF4B-00C04F79EFBC}") = "Vehicles.API", "Vehicles.API\Vehicles.API.csproj", "{3C7A2BBA-C804-4F22-B4D4-BC3707939DBF}"
EndProject
Global
	GlobalSection(SolutionConfigurationPlatforms) = preSolution
		Debug|Any CPU = Debug|Any CPU
		Release|Any CPU = Release|Any CPU
	EndGlobalSection
	GlobalSection(ProjectConfigurationPlatforms) = postSolution
		{BAB4F95A-30E2-44E7-B9BA-5E167B2762E9}.Debug|Any CPU.ActiveCfg = Debug|Any CPU
		{BAB4F95A-30E2-44E7-B9BA-5E167B2762E9}.Debug|Any CPU.Build.0 = Debug|Any CPU
		{BAB4F95A-30E2-44E7-B9BA-5E167B2762E9}.Release|Any CPU.ActiveCfg = Release|Any CPU
		{BAB4F95A-30E2-44E7-B9BA-5E167B2762E9}.Release|Any CPU.Build.0 = Release|Any CPU
		{3C7A2BBA-C804-4F22-B4D4-BC3707939DBF}.Debug|Any CPU.ActiveCfg = Debug|Any CPU
		{3C7A2BBA-C804-4F22-B4D4-BC3707939DBF}.Debug|Any CPU.Build.0 = Debug|Any CPU
		{3C7A2BBA-C804-4F22-B4D4-BC3707939DBF}.Release|Any CPU.ActiveCfg = Release|Any CPU
		{3C7A2BBA-C804-4F22-B4D4-BC3707939DBF}.Release|Any CPU.Build.0 = Release|Any CPU
	EndGlobalSection
	GlobalSection(SolutionProperties) = preSolution
		HideSolutionNode = FALSE
	EndGlobalSection
	GlobalSection(ExtensibilityGlobals) = postSolution
		SolutionGuid = {35DDEC59-8790-4B4D-921F-D3F75FFFB9F8}
	EndGlobalSection
EndGlobal
